
Microsoft Visual Studio Solution File, Format Version 12.00
# Visual Studio Version 16
VisualStudioVersion = 16.0.31410.357
MinimumVisualStudioVersion = 10.0.40219.1
Project("{6EC3EE1D-3C4E-46DD-8F32-0CC8E7565705}") = "CounterApp", "CounterApp\CounterApp.fsproj", "{1CB222C1-2AFE-4049-836E-DBD1F6C89B3C}"
EndProject
Project("{6EC3EE1D-3C4E-46DD-8F32-0CC8E7565705}") = "TodoApp", "TodoApp\TodoApp.fsproj", "{7034C17F-1717-4D34-AF90-F72FEBD1B517}"
EndProject
Project("{F2A71F9B-5D33-465A-A702-920D77279786}") = "SharedLibrary", "SharedLibrary\SharedLibrary.fsproj", "{95E0FE91-D0C0-46AF-B68C-9A7F416E2A0D}"
EndProject
Global
	GlobalSection(SolutionConfigurationPlatforms) = preSolution
		Debug|Any CPU = Debug|Any CPU
		Release|Any CPU = Release|Any CPU
	EndGlobalSection
	GlobalSection(ProjectConfigurationPlatforms) = postSolution
		{1CB222C1-2AFE-4049-836E-DBD1F6C89B3C}.Debug|Any CPU.ActiveCfg = Debug|Any CPU
		{1CB222C1-2AFE-4049-836E-DBD1F6C89B3C}.Debug|Any CPU.Build.0 = Debug|Any CPU
		{1CB222C1-2AFE-4049-836E-DBD1F6C89B3C}.Release|Any CPU.ActiveCfg = Release|Any CPU
		{1CB222C1-2AFE-4049-836E-DBD1F6C89B3C}.Release|Any CPU.Build.0 = Release|Any CPU
		{7034C17F-1717-4D34-AF90-F72FEBD1B517}.Debug|Any CPU.ActiveCfg = Debug|Any CPU
		{7034C17F-1717-4D34-AF90-F72FEBD1B517}.Debug|Any CPU.Build.0 = Debug|Any CPU
		{7034C17F-1717-4D34-AF90-F72FEBD1B517}.Release|Any CPU.ActiveCfg = Release|Any CPU
		{7034C17F-1717-4D34-AF90-F72FEBD1B517}.Release|Any CPU.Build.0 = Release|Any CPU
		{95E0FE91-D0C0-46AF-B68C-9A7F416E2A0D}.Debug|Any CPU.ActiveCfg = Debug|Any CPU
		{95E0FE91-D0C0-46AF-B68C-9A7F416E2A0D}.Debug|Any CPU.Build.0 = Debug|Any CPU
		{95E0FE91-D0C0-46AF-B68C-9A7F416E2A0D}.Release|Any CPU.ActiveCfg = Release|Any CPU
		{95E0FE91-D0C0-46AF-B68C-9A7F416E2A0D}.Release|Any CPU.Build.0 = Release|Any CPU
	EndGlobalSection
	GlobalSection(SolutionProperties) = preSolution
		HideSolutionNode = FALSE
	EndGlobalSection
	GlobalSection(ExtensibilityGlobals) = postSolution
		SolutionGuid = {C05C95E6-12A8-4787-8304-6E413D799E90}
	EndGlobalSection
EndGlobal
